dependencies:
  espressif/esp-modbus:
    component_hash: ec567c912fbd8b08648ba72b5562df012482584918fb4af670e57025fc30ea42
    source:
      service_url: https://api.components.espressif.com/
      type: service
    version: 1.0.15
  idf:
    component_hash: null
    source:
      type: idf
    version: 5.2.1
  mb_example_common:
    component_hash: null
    source:
      path: /Users/ruslan/esp/v5.2.1/esp-idf/examples/protocols/modbus/mb_example_common
      type: local
    version: '*'
manifest_hash: f51c05af68bc04fb3159de8c61d9d5141f78266f0688c7645e0e90e2476a3403
target: esp32s3
version: 1.0.0
